
Microsoft Visual Studio Solution File, Format Version 12.00
Project("{FAE04EC0-301F-11D3-BF4B-00C04F79EFBC}") = "SourceGenerators.Union", "SourceGenerators.Union\SourceGenerators.Union.csproj", "{622AC6BA-C3CE-4D3E-AB00-00D1692A2B5B}"
EndProject
Project("{FAE04EC0-301F-11D3-BF4B-00C04F79EFBC}") = "SourceGenerators.Union.Samples", "SourceGenerators.Union.Samples\SourceGenerators.Union.Samples.csproj", "{1E475701-45D0-4080-B0BF-F6F6CC5F8390}"
EndProject
Global
	GlobalSection(SolutionConfigurationPlatforms) = preSolution
		Debug|Any CPU = Debug|Any CPU
		Release|Any CPU = Release|Any CPU
	EndGlobalSection
	GlobalSection(ProjectConfigurationPlatforms) = postSolution
		{622AC6BA-C3CE-4D3E-AB00-00D1692A2B5B}.Debug|Any CPU.ActiveCfg = Debug|Any CPU
		{622AC6BA-C3CE-4D3E-AB00-00D1692A2B5B}.Debug|Any CPU.Build.0 = Debug|Any CPU
		{622AC6BA-C3CE-4D3E-AB00-00D1692A2B5B}.Release|Any CPU.ActiveCfg = Release|Any CPU
		{622AC6BA-C3CE-4D3E-AB00-00D1692A2B5B}.Release|Any CPU.Build.0 = Release|Any CPU
		{1E475701-45D0-4080-B0BF-F6F6CC5F8390}.Debug|Any CPU.ActiveCfg = Debug|Any CPU
		{1E475701-45D0-4080-B0BF-F6F6CC5F8390}.Debug|Any CPU.Build.0 = Debug|Any CPU
		{1E475701-45D0-4080-B0BF-F6F6CC5F8390}.Release|Any CPU.ActiveCfg = Release|Any CPU
		{1E475701-45D0-4080-B0BF-F6F6CC5F8390}.Release|Any CPU.Build.0 = Release|Any CPU
	EndGlobalSection
EndGlobal
